{
  "lockfileVersion": 1,
  "dependencies": {
    "@angular/animations": {
      "version": "4.4.6",
      "resolved": "https://registry.npmjs.org/@angular/animations/-/animations-4.4.6.tgz",
      "integrity": "sha1-+mYYmaik44y3xYPHpcl85l1ZKjU="
    },
    "@angular/common": {
      "version": "4.4.6",
      "resolved": "https://registry.npmjs.org/@angular/common/-/common-4.4.6.tgz",
      "integrity": "sha1-S4FCByTggooOg5uVpV6xp+g5GPI="
    },
    "@angular/compiler": {
      "version": "4.4.6",
      "resolved": "https://registry.npmjs.org/@angular/compiler/-/compiler-4.4.6.tgz",
      "integrity": "sha1-LuH68lt1fh0SiXkHS+f65SmzvCA="
    },
    "@angular/compiler-cli": {
      "version": "4.4.6",
      "resolved": "https://registry.npmjs.org/@angular/compiler-cli/-/compiler-cli-4.4.6.tgz",
      "integrity": "sha1-uv09HiYOmQh+uajPdTLb1gOrubE="
    },
    "@angular/core": {
      "version": "4.4.6",
      "resolved": "https://registry.npmjs.org/@angular/core/-/core-4.4.6.tgz",
      "integrity": "sha1-EwMf0Q3P5DiHVBmzjyESCVi8I1Q="
    },
    "@angular/forms": {
      "version": "4.4.6",
      "resolved": "https://registry.npmjs.org/@angular/forms/-/forms-4.4.6.tgz",
      "integrity": "sha1-/mSs5CQ1wbgPSQNLfEHOjK8UpEo="
    },
    "@angular/http": {
      "version": "4.4.6",
      "resolved": "https://registry.npmjs.org/@angular/http/-/http-4.4.6.tgz",
      "integrity": "sha1-CvaAxnEL3AJtlA4iXP0PalwAXQw="
    },
    "@angular/platform-browser": {
      "version": "4.4.6",
      "resolved": "https://registry.npmjs.org/@angular/platform-browser/-/platform-browser-4.4.6.tgz",
      "integrity": "sha1-qYOcVH4bZU+h0kqJeAyLpquNzOA="
    },
    "@angular/platform-browser-dynamic": {
      "version": "4.4.6",
      "resolved": "https://registry.npmjs.org/@angular/platform-browser-dynamic/-/platform-browser-dynamic-4.4.6.tgz",
      "integrity": "sha1-TT2aanvyzz3kBYphWuBZ7/ZB+jY="
    },
    "@angular/platform-server": {
      "version": "4.4.6",
      "resolved": "https://registry.npmjs.org/@angular/platform-server/-/platform-server-4.4.6.tgz",
      "integrity": "sha1-QxJI9IkaY1x2rRWhfQPpyH4aODc="
    },
    "@angular/router": {
      "version": "4.4.6",
      "resolved": "https://registry.npmjs.org/@angular/router/-/router-4.4.6.tgz",
      "integrity": "sha1-D2rSmuD/jSyeo3m9MgRHIXt+yGY="
    },
    "@angular/tsc-wrapped": {
      "version": "4.4.6",
      "resolved": "https://registry.npmjs.org/@angular/tsc-wrapped/-/tsc-wrapped-4.4.6.tgz",
      "integrity": "sha1-Fnh8u/UL3H5zgSOxnDJSfyROF40="
    },
    "@types/es6-shim": {
      "version": "0.0.29",
      "resolved": "https://registry.npmjs.org/@types/es6-shim/-/es6-shim-0.0.29.tgz",
      "integrity": "sha1-3W6a/6vJ9qFt6fvvnBWxRLL0+yo=",
      "dev": true
    },
    "@types/node": {
      "version": "8.0.53",
      "resolved": "https://registry.npmjs.org/@types/node/-/node-8.0.53.tgz",
      "integrity": "sha512-54Dm6NwYeiSQmRB1BLXKr5GELi0wFapR1npi8bnZhEcu84d/yQKqnwwXQ56hZ0RUbTG6L5nqDZaN3dgByQXQRQ=="
    },
    "accepts": {
      "version": "1.2.13",
      "resolved": "https://registry.npmjs.org/accepts/-/accepts-1.2.13.tgz",
      "integrity": "sha1-5fHzkoxtlf2WVYw27D2dDeSm7Oo=",
      "dev": true
    },
    "ambi": {
      "version": "2.0.0",
      "resolved": "https://registry.npmjs.org/ambi/-/ambi-2.0.0.tgz",
      "integrity": "sha1-QsK/mOjRAapNooqBJnil2+Nq2mY=",
      "dev": true
    },
    "bal-util": {
      "version": "1.18.0",
      "resolved": "https://registry.npmjs.org/bal-util/-/bal-util-1.18.0.tgz",
      "integrity": "sha1-Ti4tkIFtGmt+NxdAIAQqLOJYQh0=",
      "dev": true
    },
    "base64-url": {
      "version": "1.2.1",
      "resolved": "https://registry.npmjs.org/base64-url/-/base64-url-1.2.1.tgz",
      "integrity": "sha1-GZ/WYXAqDnt9yubgaYuwicUvbXg=",
      "dev": true
    },
    "basic-auth": {
      "version": "1.0.4",
      "resolved": "https://registry.npmjs.org/basic-auth/-/basic-auth-1.0.4.tgz",
      "integrity": "sha1-Awk1sB3nyblKgksp8/zLdQ06UpA=",
      "dev": true
    },
    "basic-auth-connect": {
      "version": "1.0.0",
      "resolved": "https://registry.npmjs.org/basic-auth-connect/-/basic-auth-connect-1.0.0.tgz",
      "integrity": "sha1-/bC0OWLKe0BFanwrtI/hc9otISI=",
      "dev": true
    },
    "batch": {
      "version": "0.5.3",
      "resolved": "https://registry.npmjs.org/batch/-/batch-0.5.3.tgz",
      "integrity": "sha1-PzQU84AyF0O/wQQvmoP/HVgk1GQ=",
      "dev": true
    },
    "body-parser": {
      "version": "1.13.3",
      "resolved": "https://registry.npmjs.org/body-parser/-/body-parser-1.13.3.tgz",
      "integrity": "sha1-wIzzMMM1jhUQFqBXRvE/ApyX+pc=",
      "dev": true
    },
    "bootstrap": {
      "version": "3.3.7",
      "resolved": "https://registry.npmjs.org/bootstrap/-/bootstrap-3.3.7.tgz",
      "integrity": "sha1-WjiTlFSfIzMIdaOxUGVldPip63E="
    },
    "bytes": {
      "version": "2.1.0",
      "resolved": "https://registry.npmjs.org/bytes/-/bytes-2.1.0.tgz",
      "integrity": "sha1-rJPEEOL/ycx89LRks4KJBn9eR7Q=",
      "dev": true
    },
    "colors": {
      "version": "1.1.2",
      "resolved": "https://registry.npmjs.org/colors/-/colors-1.1.2.tgz",
      "integrity": "sha1-FopHAXVran9RoSzgyXv6KMCE7WM=",
      "dev": true
    },
    "compressible": {
      "version": "2.0.12",
      "resolved": "https://registry.npmjs.org/compressible/-/compressible-2.0.12.tgz",
      "integrity": "sha1-xZpcmdt2dn6YdlAOJx72OzSTvWY=",
      "dev": true
    },
    "compression": {
      "version": "1.5.2",
      "resolved": "https://registry.npmjs.org/compression/-/compression-1.5.2.tgz",
      "integrity": "sha1-sDuNhub4rSloPLqN+R3cb/x3s5U=",
      "dev": true
    },
    "connect": {
      "version": "2.30.2",
      "resolved": "https://registry.npmjs.org/connect/-/connect-2.30.2.tgz",
      "integrity": "sha1-jam8vooFTT0xjXTf7JA7XDmhtgk=",
      "dev": true
    },
    "connect-timeout": {
      "version": "1.6.2",
      "resolved": "https://registry.npmjs.org/connect-timeout/-/connect-timeout-1.6.2.tgz",
      "integrity": "sha1-3ppexh4zoStu2qt7XwYumMWZuI4=",
      "dev": true
    },
    "content-type": {
      "version": "1.0.4",
      "resolved": "https://registry.npmjs.org/content-type/-/content-type-1.0.4.tgz",
      "integrity": "sha512-hIP3EEPs8tB9AT1L+NUqtwOAps4mk2Zob89MWXMHjHWg9milF/j4osnnQLXBCBFBk/tvIG/tUc9mOUJiPBhPXA==",
      "dev": true
    },
    "cookie": {
      "version": "0.1.3",
      "resolved": "https://registry.npmjs.org/cookie/-/cookie-0.1.3.tgz",
      "integrity": "sha1-5zSlwUF/zkctWu+Cw4HKu2TRpDU=",
      "dev": true
    },
    "cookie-parser": {
      "version": "1.3.5",
      "resolved": "https://registry.npmjs.org/cookie-parser/-/cookie-parser-1.3.5.tgz",
      "integrity": "sha1-nXVVcPtdF4kHcSJ6AjFNm+fPg1Y=",
      "dev": true
    },
    "cookie-signature": {
      "version": "1.0.6",
      "resolved": "https://registry.npmjs.org/cookie-signature/-/cookie-signature-1.0.6.tgz",
      "integrity": "sha1-4wOogrNCzD7oylE6eZmXNNqzriw=",
      "dev": true
    },
    "core-js": {
      "version": "2.5.1",
      "resolved": "https://registry.npmjs.org/core-js/-/core-js-2.5.1.tgz",
      "integrity": "sha1-rmh03GaTd4m4B1T/VCjfZoGcpQs="
    },
    "core-util-is": {
      "version": "1.0.2",
      "resolved": "https://registry.npmjs.org/core-util-is/-/core-util-is-1.0.2.tgz",
      "integrity": "sha1-tf1UIgqivFq1eqtxQMlAdUUDwac=",
      "dev": true
    },
    "crc": {
      "version": "3.3.0",
      "resolved": "https://registry.npmjs.org/crc/-/crc-3.3.0.tgz",
      "integrity": "sha1-+mIuG8OIvyVzCQgta2UgDOZwkLo=",
      "dev": true
    },
    "csrf": {
      "version": "3.0.6",
      "resolved": "https://registry.npmjs.org/csrf/-/csrf-3.0.6.tgz",
      "integrity": "sha1-thEg3c7q/JHnbtUxO7XAsmZ7cQo=",
      "dev": true
    },
    "csurf": {
      "version": "1.8.3",
      "resolved": "https://registry.npmjs.org/csurf/-/csurf-1.8.3.tgz",
      "integrity": "sha1-I/KhO/HY/OHQyZZYg5RELLqGpWo=",
      "dev": true
    },
    "debug": {
      "version": "2.2.0",
      "resolved": "https://registry.npmjs.org/debug/-/debug-2.2.0.tgz",
      "integrity": "sha1-+HBX6ZWxofauaklgZkE3vFbwOdo=",
      "dev": true
    },
    "depd": {
      "version": "1.0.1",
      "resolved": "https://registry.npmjs.org/depd/-/depd-1.0.1.tgz",
      "integrity": "sha1-gK7GTJ1tl+ZcwqnKqTwKpqv3Oqo=",
      "dev": true
    },
    "destroy": {
      "version": "1.0.4",
      "resolved": "https://registry.npmjs.org/destroy/-/destroy-1.0.4.tgz",
      "integrity": "sha1-l4hXRCxEdJ5CBmE+N5RiBYJqvYA=",
      "dev": true
    },
    "duplexer": {
      "version": "0.1.1",
      "resolved": "https://registry.npmjs.org/duplexer/-/duplexer-0.1.1.tgz",
      "integrity": "sha1-rOb/gIwc5mtX0ev5eXessCM0z8E=",
      "dev": true
    },
    "eachr": {
      "version": "2.0.4",
      "resolved": "https://registry.npmjs.org/eachr/-/eachr-2.0.4.tgz",
      "integrity": "sha1-Rm98qhBwj2EFCeMsgHqv5X/BIr8=",
      "dev": true
    },
    "ee-first": {
      "version": "1.1.1",
      "resolved": "https://registry.npmjs.org/ee-first/-/ee-first-1.1.1.tgz",
      "integrity": "sha1-WQxhFWsK4vTwJVcyoViyZrxWsh0=",
      "dev": true
    },
    "encodeurl": {
      "version": "1.0.1",
      "resolved": "https://registry.npmjs.org/encodeurl/-/encodeurl-1.0.1.tgz",
      "integrity": "sha1-eePVhlU0aQn+bw9Fpd5oEDspTSA=",
      "dev": true
    },
    "errorhandler": {
      "version": "1.4.3",
      "resolved": "https://registry.npmjs.org/errorhandler/-/errorhandler-1.4.3.tgz",
      "integrity": "sha1-t7cO2PNZ6duICS8tIMD4MUIK2D8=",
      "dev": true,
      "dependencies": {
        "accepts": {
          "version": "1.3.4",
          "resolved": "https://registry.npmjs.org/accepts/-/accepts-1.3.4.tgz",
          "integrity": "sha1-hiRnWMfdbSGmR0/whKR0DsBesh8=",
          "dev": true
        },
        "negotiator": {
          "version": "0.6.1",
          "resolved": "https://registry.npmjs.org/negotiator/-/negotiator-0.6.1.tgz",
          "integrity": "sha1-KzJxhOiZIQEXeyhWP7XnECrNDKk=",
          "dev": true
        }
      }
    },
    "escape-html": {
      "version": "1.0.3",
      "resolved": "https://registry.npmjs.org/escape-html/-/escape-html-1.0.3.tgz",
      "integrity": "sha1-Aljq5NPQwJdN4cFpGI7wBR0dGYg=",
      "dev": true
    },
    "etag": {
      "version": "1.7.0",
      "resolved": "https://registry.npmjs.org/etag/-/etag-1.7.0.tgz",
      "integrity": "sha1-A9MLX2fdbmMtKUXTDWZScxo01dg=",
      "dev": true
    },
    "event-stream": {
      "version": "3.3.4",
      "resolved": "https://registry.npmjs.org/event-stream/-/event-stream-3.3.4.tgz",
      "integrity": "sha1-SrTJoPWlTbkzi0w02Gv86PSzVXE=",
      "dev": true
    },
    "express-session": {
      "version": "1.11.3",
      "resolved": "https://registry.npmjs.org/express-session/-/express-session-1.11.3.tgz",
      "integrity": "sha1-XMmPP1/4Ttg1+Ry/CqvQxxB0AK8=",
      "dev": true,
      "dependencies": {
        "uid-safe": {
          "version": "2.0.0",
          "resolved": "https://registry.npmjs.org/uid-safe/-/uid-safe-2.0.0.tgz",
          "integrity": "sha1-p/PGymSh9qXQTsDvPkw9U2cxcTc=",
          "dev": true
        }
      }
    },
    "extendr": {
      "version": "2.0.1",
      "resolved": "https://registry.npmjs.org/extendr/-/extendr-2.0.1.tgz",
      "integrity": "sha1-2Ks3X8u4M+S6LNIoVA8E5KoH3pA=",
      "dev": true
    },
    "faye-websocket": {
      "version": "0.9.4",
      "resolved": "https://registry.npmjs.org/faye-websocket/-/faye-websocket-0.9.4.tgz",
      "integrity": "sha1-iFk0x57/sECVSeDAo4Ae0XpAza0=",
      "dev": true
    },
    "finalhandler": {
      "version": "0.4.0",
      "resolved": "https://registry.npmjs.org/finalhandler/-/finalhandler-0.4.0.tgz",
      "integrity": "sha1-llpS2ejQXSuFdUhUH7ibU6JJfZs=",
      "dev": true,
      "dependencies": {
        "escape-html": {
          "version": "1.0.2",
          "resolved": "https://registry.npmjs.org/escape-html/-/escape-html-1.0.2.tgz",
          "integrity": "sha1-130y+pjjjC9BroXpJ44ODmuhAiw=",
          "dev": true
        }
      }
    },
    "fresh": {
      "version": "0.3.0",
      "resolved": "https://registry.npmjs.org/fresh/-/fresh-0.3.0.tgz",
      "integrity": "sha1-ZR+DjiJCTnVm3hYdg1jKoZn4PU8=",
      "dev": true
    },
    "from": {
      "version": "0.1.7",
      "resolved": "https://registry.npmjs.org/from/-/from-0.1.7.tgz",
      "integrity": "sha1-g8YK/Fi5xWmXAH7Rp2izqzA6RP4=",
      "dev": true
    },
    "getsetdeep": {
      "version": "2.0.0",
      "resolved": "https://registry.npmjs.org/getsetdeep/-/getsetdeep-2.0.0.tgz",
      "integrity": "sha1-8TOE/mVtCj9BwhTL3zEAGlfBJJI=",
      "dev": true
    },
    "http-errors": {
      "version": "1.3.1",
      "resolved": "https://registry.npmjs.org/http-errors/-/http-errors-1.3.1.tgz",
      "integrity": "sha1-GX4izevUGYWF6GlO9nhhl7ke2UI=",
      "dev": true
    },
    "http-parser-js": {
      "version": "0.4.9",
      "resolved": "https://registry.npmjs.org/http-parser-js/-/http-parser-js-0.4.9.tgz",
      "integrity": "sha1-6hoE+2St/wJC6ZdPKX3Uw8rSceE=",
      "dev": true
    },
    "iconv-lite": {
      "version": "0.4.11",
      "resolved": "https://registry.npmjs.org/iconv-lite/-/iconv-lite-0.4.11.tgz",
      "integrity": "sha1-LstC/SlHRJIiCaLnxATayHk9it4=",
      "dev": true
    },
    "inherits": {
      "version": "2.0.3",
      "resolved": "https://registry.npmjs.org/inherits/-/inherits-2.0.3.tgz",
      "integrity": "sha1-Yzwsg+PaQqUC9SRmAiSA9CCCYd4=",
      "dev": true
    },
    "is-wsl": {
      "version": "1.1.0",
      "resolved": "https://registry.npmjs.org/is-wsl/-/is-wsl-1.1.0.tgz",
      "integrity": "sha1-HxbkqiKwTRM2tmGIpmrzxgDDpm0=",
      "dev": true
    },
    "isarray": {
      "version": "0.0.1",
      "resolved": "https://registry.npmjs.org/isarray/-/isarray-0.0.1.tgz",
      "integrity": "sha1-ihis/Kmo9Bd+Cav8YDiTmwXR7t8=",
      "dev": true
    },
    "jquery": {
      "version": "2.2.4",
      "resolved": "https://registry.npmjs.org/jquery/-/jquery-2.2.4.tgz",
      "integrity": "sha1-LInWiJterFIqfuoywUUhVZxsvwI="
    },
    "live-server": {
      "version": "0.8.2",
      "resolved": "https://registry.npmjs.org/live-server/-/live-server-0.8.2.tgz",
      "integrity": "sha1-PGoLBVkVhYZsmcccSFNjO/AZRP8=",
      "dev": true
    },
    "map-stream": {
      "version": "0.1.0",
      "resolved": "https://registry.npmjs.org/map-stream/-/map-stream-0.1.0.tgz",
      "integrity": "sha1-5WqpTEyAVaFkBKBnS3jyFffI4ZQ=",
      "dev": true
    },
    "media-typer": {
      "version": "0.3.0",
      "resolved": "https://registry.npmjs.org/media-typer/-/media-typer-0.3.0.tgz",
      "integrity": "sha1-hxDXrwqmJvj/+hzgAWhUUmMlV0g=",
      "dev": true
    },
    "method-override": {
      "version": "2.3.10",
      "resolved": "https://registry.npmjs.org/method-override/-/method-override-2.3.10.tgz",
      "integrity": "sha1-49r41d7hDdLc59SuiNYrvud0drQ=",
      "dev": true,
      "dependencies": {
        "debug": {
          "version": "2.6.9",
          "resolved": "https://registry.npmjs.org/debug/-/debug-2.6.9.tgz",
          "integrity": "sha512-bC7ElrdJaJnPbAP+1EotYvqZsb3ecl5wi6Bfi6BJTUcNowp6cvspg0jXznRTKDjm/E7AdgFBVeAPVMNcKGsHMA==",
          "dev": true
        },
        "ms": {
          "version": "2.0.0",
          "resolved": "https://registry.npmjs.org/ms/-/ms-2.0.0.tgz",
          "integrity": "sha1-VgiurfwAvmwpAd9fmGF4jeDVl8g=",
          "dev": true
        },
        "vary": {
          "version": "1.1.2",
          "resolved": "https://registry.npmjs.org/vary/-/vary-1.1.2.tgz",
          "integrity": "sha1-IpnwLG3tMNSllhsLn3RSShj2NPw=",
          "dev": true
        }
      }
    },
    "methods": {
      "version": "1.1.2",
      "resolved": "https://registry.npmjs.org/methods/-/methods-1.1.2.tgz",
      "integrity": "sha1-VSmk1nZUE07cxSZmVoNbD4Ua/O4=",
      "dev": true
    },
    "mime": {
      "version": "1.3.4",
      "resolved": "https://registry.npmjs.org/mime/-/mime-1.3.4.tgz",
      "integrity": "sha1-EV+eO2s9rylZmDyzjxSaLUDrXVM=",
      "dev": true
    },
    "mime-db": {
      "version": "1.30.0",
      "resolved": "https://registry.npmjs.org/mime-db/-/mime-db-1.30.0.tgz",
      "integrity": "sha1-dMZD2i3Z1qRTmZY0ZbJtXKfXHwE=",
      "dev": true
    },
    "mime-types": {
      "version": "2.1.17",
      "resolved": "https://registry.npmjs.org/mime-types/-/mime-types-2.1.17.tgz",
      "integrity": "sha1-Cdejk/A+mVp5+K+Fe3Cp4KsWVXo=",
      "dev": true
    },
    "minimist": {
      "version": "1.2.0",
      "resolved": "https://registry.npmjs.org/minimist/-/minimist-1.2.0.tgz",
      "integrity": "sha1-o1AIsg9BOD7sH7kU9M1d95omQoQ="
    },
    "mkdirp": {
      "version": "0.5.1",
      "resolved": "https://registry.npmjs.org/mkdirp/-/mkdirp-0.5.1.tgz",
      "integrity": "sha1-MAV0OOrGz3+MR2fzhkjWaX11yQM=",
      "dependencies": {
        "minimist": {
          "version": "0.0.8",
          "resolved": "https://registry.npmjs.org/minimist/-/minimist-0.0.8.tgz",
          "integrity": "sha1-hX/Kv8M5fSYluCKCYuhqp6ARsF0="
        }
      }
    },
    "morgan": {
      "version": "1.6.1",
      "resolved": "https://registry.npmjs.org/morgan/-/morgan-1.6.1.tgz",
      "integrity": "sha1-X9gYOYxoGcuiinzWZk8pL+HAu/I=",
      "dev": true
    },
    "ms": {
      "version": "0.7.1",
      "resolved": "https://registry.npmjs.org/ms/-/ms-0.7.1.tgz",
      "integrity": "sha1-nNE8A62/8ltl7/3nzoZO6VIBcJg=",
      "dev": true
    },
    "multiparty": {
      "version": "3.3.2",
      "resolved": "https://registry.npmjs.org/multiparty/-/multiparty-3.3.2.tgz",
      "integrity": "sha1-Nd5oBNwZZD5SSfPT473GyM4wHT8=",
      "dev": true
    },
    "negotiator": {
      "version": "0.5.3",
      "resolved": "https://registry.npmjs.org/negotiator/-/negotiator-0.5.3.tgz",
      "integrity": "sha1-Jp1cR2gQ7JLtvntsLygxY4T5p+g=",
      "dev": true
    },
    "object-assign": {
      "version": "2.1.1",
      "resolved": "https://registry.npmjs.org/object-assign/-/object-assign-2.1.1.tgz",
      "integrity": "sha1-Q8NuXVaf+OSBbE76i+AtJpZ8GKo=",
      "dev": true
    },
    "on-finished": {
      "version": "2.3.0",
      "resolved": "https://registry.npmjs.org/on-finished/-/on-finished-2.3.0.tgz",
      "integrity": "sha1-IPEzZIGwg811M3mSoWlxqi2QaUc=",
      "dev": true
    },
    "on-headers": {
      "version": "1.0.1",
      "resolved": "https://registry.npmjs.org/on-headers/-/on-headers-1.0.1.tgz",
      "integrity": "sha1-ko9dD0cNSTQmUepnlLCFfBAGk/c=",
      "dev": true
    },
    "opn": {
      "version": "5.1.0",
      "resolved": "https://registry.npmjs.org/opn/-/opn-5.1.0.tgz",
      "integrity": "sha512-iPNl7SyM8L30Rm1sjGdLLheyHVw5YXVfi3SKWJzBI7efxRwHojfRFjwE/OLM6qp9xJYMgab8WicTU1cPoY+Hpg==",
      "dev": true
    },
    "parse5": {
      "version": "3.0.3",
      "resolved": "https://registry.npmjs.org/parse5/-/parse5-3.0.3.tgz",
      "integrity": "sha512-rgO9Zg5LLLkfJF9E6CCmXlSE4UVceloys8JrFqCcHloC3usd/kJCyPDwH2SOlzix2j3xaP9sUX3e8+kvkuleAA=="
    },
    "parseurl": {
      "version": "1.3.2",
      "resolved": "https://registry.npmjs.org/parseurl/-/parseurl-1.3.2.tgz",
      "integrity": "sha1-/CidTtiZMRlGDBViUyYs3I3mW/M=",
      "dev": true
    },
    "pause": {
      "version": "0.1.0",
      "resolved": "https://registry.npmjs.org/pause/-/pause-0.1.0.tgz",
      "integrity": "sha1-68ikqGGf8LioGsFRPDQ0/0af23Q=",
      "dev": true
    },
    "pause-stream": {
      "version": "0.0.11",
      "resolved": "https://registry.npmjs.org/pause-stream/-/pause-stream-0.0.11.tgz",
      "integrity": "sha1-/lo0sMvOErWqaitAPuLnO2AvFEU=",
      "dev": true
    },
    "qs": {
      "version": "4.0.0",
      "resolved": "https://registry.npmjs.org/qs/-/qs-4.0.0.tgz",
      "integrity": "sha1-wx2bdOwn33XlQ6hseHKO2NRiNgc=",
      "dev": true
    },
    "random-bytes": {
      "version": "1.0.0",
      "resolved": "https://registry.npmjs.org/random-bytes/-/random-bytes-1.0.0.tgz",
      "integrity": "sha1-T2ih3Arli9P7lYSMMDJNt11kNgs=",
      "dev": true
    },
    "range-parser": {
      "version": "1.0.3",
      "resolved": "https://registry.npmjs.org/range-parser/-/range-parser-1.0.3.tgz",
      "integrity": "sha1-aHKCNTXGkuLCoBA4Jq/YLC4P8XU=",
      "dev": true
    },
    "raw-body": {
      "version": "2.1.7",
      "resolved": "https://registry.npmjs.org/raw-body/-/raw-body-2.1.7.tgz",
      "integrity": "sha1-rf6s4uT7MJgFgBTQjActzFl1h3Q=",
      "dev": true,
      "dependencies": {
        "bytes": {
          "version": "2.4.0",
          "resolved": "https://registry.npmjs.org/bytes/-/bytes-2.4.0.tgz",
          "integrity": "sha1-fZcZb51br39pNeJZhVSe3SpsIzk=",
          "dev": true
        },
        "iconv-lite": {
          "version": "0.4.13",
          "resolved": "https://registry.npmjs.org/iconv-lite/-/iconv-lite-0.4.13.tgz",
          "integrity": "sha1-H4irpKsLFQjoMSrMOTRfNumS4vI=",
          "dev": true
        }
      }
    },
    "readable-stream": {
      "version": "1.1.14",
      "resolved": "https://registry.npmjs.org/readable-stream/-/readable-stream-1.1.14.tgz",
      "integrity": "sha1-fPTFTvZI44EwhMY23SB54WbAgdk=",
      "dev": true
    },
    "reflect-metadata": {
      "version": "0.1.10",
      "resolved": "https://registry.npmjs.org/reflect-metadata/-/reflect-metadata-0.1.10.tgz",
      "integrity": "sha1-tPg3BEFqytiZiMmxVjXUfgO5NEo="
    },
    "response-time": {
      "version": "2.3.2",
      "resolved": "https://registry.npmjs.org/response-time/-/response-time-2.3.2.tgz",
      "integrity": "sha1-/6cbq5UtYvfB1Jt0NDVfvGjf/Fo=",
      "dev": true,
      "dependencies": {
        "depd": {
          "version": "1.1.1",
          "resolved": "https://registry.npmjs.org/depd/-/depd-1.1.1.tgz",
          "integrity": "sha1-V4O04cRZ8G+lyif5kfPQbnoxA1k=",
          "dev": true
        }
      }
    },
    "rndm": {
      "version": "1.2.0",
      "resolved": "https://registry.npmjs.org/rndm/-/rndm-1.2.0.tgz",
      "integrity": "sha1-8z/pz7Urv9UgqhgyO8ZdsRCht2w=",
      "dev": true
    },
    "rxjs": {
      "version": "5.5.2",
      "resolved": "https://registry.npmjs.org/rxjs/-/rxjs-5.5.2.tgz",
      "integrity": "sha512-oRYoIKWBU3Ic37fLA5VJu31VqQO4bWubRntcHSJ+cwaDQBwdnZ9x4zmhJfm/nFQ2E82/I4loSioHnACamrKGgA=="
    },
    "safecallback": {
      "version": "1.0.1",
      "resolved": "https://registry.npmjs.org/safecallback/-/safecallback-1.0.1.tgz",
      "integrity": "sha1-B8fxK0qNmr8bj83bp4UusLi27UE=",
      "dev": true
    },
    "safefs": {
      "version": "2.0.3",
      "resolved": "https://registry.npmjs.org/safefs/-/safefs-2.0.3.tgz",
      "integrity": "sha1-LbKy3kxBYdbbpmCf7gXsqwYsTeU=",
      "dev": true
    },
    "send": {
      "version": "0.16.1",
      "resolved": "https://registry.npmjs.org/send/-/send-0.16.1.tgz",
      "integrity": "sha512-ElCLJdJIKPk6ux/Hocwhk7NFHpI3pVm/IZOYWqUmoxcgeyM+MpxHHKhb8QmlJDX1pU6WrgaHBkVNm73Sv7uc2A==",
      "dev": true,
      "dependencies": {
        "debug": {
          "version": "2.6.9",
          "resolved": "https://registry.npmjs.org/debug/-/debug-2.6.9.tgz",
          "integrity": "sha512-bC7ElrdJaJnPbAP+1EotYvqZsb3ecl5wi6Bfi6BJTUcNowp6cvspg0jXznRTKDjm/E7AdgFBVeAPVMNcKGsHMA==",
          "dev": true
        },
        "depd": {
          "version": "1.1.1",
          "resolved": "https://registry.npmjs.org/depd/-/depd-1.1.1.tgz",
          "integrity": "sha1-V4O04cRZ8G+lyif5kfPQbnoxA1k=",
          "dev": true
        },
        "etag": {
          "version": "1.8.1",
          "resolved": "https://registry.npmjs.org/etag/-/etag-1.8.1.tgz",
          "integrity": "sha1-Qa4u62XvpiJorr/qg6x9eSmbCIc=",
          "dev": true
        },
        "fresh": {
          "version": "0.5.2",
          "resolved": "https://registry.npmjs.org/fresh/-/fresh-0.5.2.tgz",
          "integrity": "sha1-PYyt2Q2XZWn6g1qx+OSyOhBWBac=",
          "dev": true
        },
        "http-errors": {
          "version": "1.6.2",
          "resolved": "https://registry.npmjs.org/http-errors/-/http-errors-1.6.2.tgz",
          "integrity": "sha1-CgAsyFcHGSp+eUbO7cERVfYOxzY=",
          "dev": true
        },
        "mime": {
          "version": "1.4.1",
          "resolved": "https://registry.npmjs.org/mime/-/mime-1.4.1.tgz",
          "integrity": "sha512-KI1+qOZu5DcW6wayYHSzR/tXKCDC5Om4s1z2QJjDULzLcmf3DvzS7oluY4HCTrc+9FiKmWUgeNLg7W3uIQvxtQ==",
          "dev": true
        },
        "ms": {
          "version": "2.0.0",
          "resolved": "https://registry.npmjs.org/ms/-/ms-2.0.0.tgz",
          "integrity": "sha1-VgiurfwAvmwpAd9fmGF4jeDVl8g=",
          "dev": true
        },
        "range-parser": {
          "version": "1.2.0",
          "resolved": "https://registry.npmjs.org/range-parser/-/range-parser-1.2.0.tgz",
          "integrity": "sha1-9JvmtIeJTdxA3MlKMi9hEJLgDV4=",
          "dev": true
        },
        "statuses": {
          "version": "1.3.1",
          "resolved": "https://registry.npmjs.org/statuses/-/statuses-1.3.1.tgz",
          "integrity": "sha1-+vUbnrdKrvOzrPStX2Gr8ky3uT4=",
          "dev": true
        }
      }
    },
    "serve-favicon": {
      "version": "2.3.2",
      "resolved": "https://registry.npmjs.org/serve-favicon/-/serve-favicon-2.3.2.tgz",
      "integrity": "sha1-3UGeJo3gEqtysxnTN/IQUBP5OB8=",
      "dev": true,
      "dependencies": {
        "ms": {
          "version": "0.7.2",
          "resolved": "https://registry.npmjs.org/ms/-/ms-0.7.2.tgz",
          "integrity": "sha1-riXPJRKziFodldfwN4aNhDESR2U=",
          "dev": true
        }
      }
    },
    "serve-index": {
      "version": "1.7.3",
      "resolved": "https://registry.npmjs.org/serve-index/-/serve-index-1.7.3.tgz",
      "integrity": "sha1-egV/xu4o3GP2RWbl+lexEahq7NI=",
      "dev": true
    },
    "serve-static": {
      "version": "1.10.3",
      "resolved": "https://registry.npmjs.org/serve-static/-/serve-static-1.10.3.tgz",
      "integrity": "sha1-zlpuzTEB/tXsCYJ9rCKpwpv7BTU=",
      "dev": true,
      "dependencies": {
        "depd": {
          "version": "1.1.1",
          "resolved": "https://registry.npmjs.org/depd/-/depd-1.1.1.tgz",
          "integrity": "sha1-V4O04cRZ8G+lyif5kfPQbnoxA1k=",
          "dev": true
        },
        "send": {
          "version": "0.13.2",
          "resolved": "https://registry.npmjs.org/send/-/send-0.13.2.tgz",
          "integrity": "sha1-dl52B8gFVFK7pvCwUllTUJhgNt4=",
          "dev": true
        },
        "statuses": {
          "version": "1.2.1",
          "resolved": "https://registry.npmjs.org/statuses/-/statuses-1.2.1.tgz",
          "integrity": "sha1-3e1FzBglbVHtQK7BQkidXGECbSg=",
          "dev": true
        }
      }
    },
    "setprototypeof": {
      "version": "1.0.3",
      "resolved": "https://registry.npmjs.org/setprototypeof/-/setprototypeof-1.0.3.tgz",
      "integrity": "sha1-ZlZ+NwQ+608E2RvWWMDL77VbjgQ=",
      "dev": true
    },
    "source-map": {
      "version": "0.5.7",
      "resolved": "https://registry.npmjs.org/source-map/-/source-map-0.5.7.tgz",
      "integrity": "sha1-igOdLRAh0i0eoUyA2OpGi6LvP8w="
    },
    "source-map-support": {
      "version": "0.4.18",
      "resolved": "https://registry.npmjs.org/source-map-support/-/source-map-support-0.4.18.tgz",
      "integrity": "sha512-try0/JqxPLF9nOjvSta7tVondkP5dwgyLDjVoyMDlmjugT2lRZ1OfsrYTkCd2hkDnJTKRbO/Rl3orm8vlsUzbA=="
    },
    "split": {
      "version": "0.3.3",
      "resolved": "https://registry.npmjs.org/split/-/split-0.3.3.tgz",
      "integrity": "sha1-zQ7qXmOiEd//frDwkcQTPi0N0o8=",
      "dev": true
    },
    "statuses": {
      "version": "1.4.0",
      "resolved": "https://registry.npmjs.org/statuses/-/statuses-1.4.0.tgz",
      "integrity": "sha512-zhSCtt8v2NDrRlPQpCNtw/heZLtfUDqxBM1udqikb/Hbk52LK4nQSwr10u77iopCW5LsyHpuXS0GnEc48mLeew==",
      "dev": true
    },
    "stream-combiner": {
      "version": "0.0.4",
      "resolved": "https://registry.npmjs.org/stream-combiner/-/stream-combiner-0.0.4.tgz",
      "integrity": "sha1-TV5DPBhSYd3mI8o/RMWGvPXErRQ=",
      "dev": true
    },
    "stream-counter": {
      "version": "0.2.0",
      "resolved": "https://registry.npmjs.org/stream-counter/-/stream-counter-0.2.0.tgz",
      "integrity": "sha1-3tJmVWMZyLDiIoErnPOyb6fZR94=",
      "dev": true
    },
    "string_decoder": {
      "version": "0.10.31",
      "resolved": "https://registry.npmjs.org/string_decoder/-/string_decoder-0.10.31.tgz",
      "integrity": "sha1-YuIDvEF2bGwoyfyEMB2rHFMQ+pQ=",
      "dev": true
    },
    "symbol-observable": {
      "version": "1.0.4",
      "resolved": "https://registry.npmjs.org/symbol-observable/-/symbol-observable-1.0.4.tgz",
      "integrity": "sha1-Kb9hXUqnEhvdiYsi1LP5vE4qoD0="
    },
    "systemjs": {
      "version": "0.19.37",
      "resolved": "https://registry.npmjs.org/systemjs/-/systemjs-0.19.37.tgz",
      "integrity": "sha1-WLFSiqU7bPZUWLoWVjQzPzmq254="
    },
    "taskgroup": {
      "version": "2.0.0",
      "resolved": "https://registry.npmjs.org/taskgroup/-/taskgroup-2.0.0.tgz",
      "integrity": "sha1-GElEpCtWhKrXURiaUmPAMPYXREY=",
      "dev": true
    },
    "through": {
      "version": "2.3.8",
      "resolved": "https://registry.npmjs.org/through/-/through-2.3.8.tgz",
      "integrity": "sha1-DdTJ/6q8NXlgsbckEV1+Doai4fU=",
      "dev": true
    },
    "tsickle": {
      "version": "0.21.6",
      "resolved": "https://registry.npmjs.org/tsickle/-/tsickle-0.21.6.tgz",
      "integrity": "sha1-U7Abl5xcE/2xOvs/uVgXflmRWI0="
    },
    "tslib": {
      "version": "1.8.0",
      "resolved": "https://registry.npmjs.org/tslib/-/tslib-1.8.0.tgz",
      "integrity": "sha512-ymKWWZJST0/CkgduC2qkzjMOWr4bouhuURNXCn/inEX0L57BnRG6FhX76o7FOnsjHazCjfU2LKeSrlS2sIKQJg=="
    },
    "tsscmp": {
      "version": "1.0.5",
      "resolved": "https://registry.npmjs.org/tsscmp/-/tsscmp-1.0.5.tgz",
      "integrity": "sha1-fcSjOvcVgatDN9qR2FylQn69mpc=",
      "dev": true
    },
    "type-is": {
      "version": "1.6.15",
      "resolved": "https://registry.npmjs.org/type-is/-/type-is-1.6.15.tgz",
      "integrity": "sha1-yrEPtJCeRByChC6v4a1kbIGARBA=",
      "dev": true
    },
    "typechecker": {
      "version": "2.0.8",
      "resolved": "https://registry.npmjs.org/typechecker/-/typechecker-2.0.8.tgz",
      "integrity": "sha1-6D2oS7ZMWEzLNFg4V2xAsDN9uC4=",
      "dev": true
    },
    "typescript": {
      "version": "2.6.2",
      "resolved": "https://registry.npmjs.org/typescript/-/typescript-2.6.2.tgz",
      "integrity": "sha1-PFtv1/beCRQmkCfwPAlGdY92c6Q=",
      "dev": true
    },
    "uid-safe": {
      "version": "2.1.4",
      "resolved": "https://registry.npmjs.org/uid-safe/-/uid-safe-2.1.4.tgz",
      "integrity": "sha1-Otbzg2jG1MjHXsF2I/t5qh0HHYE=",
      "dev": true
    },
    "unpipe": {
      "version": "1.0.0",
      "resolved": "https://registry.npmjs.org/unpipe/-/unpipe-1.0.0.tgz",
      "integrity": "sha1-sr9O6FFKrmFltIF4KdIbLvSZBOw=",
      "dev": true
    },
    "utils-merge": {
      "version": "1.0.0",
      "resolved": "https://registry.npmjs.org/utils-merge/-/utils-merge-1.0.0.tgz",
      "integrity": "sha1-ApT7kiu5N1FTVBxPcJYjHyh8ivg=",
      "dev": true
    },
    "vary": {
      "version": "1.0.1",
      "resolved": "https://registry.npmjs.org/vary/-/vary-1.0.1.tgz",
      "integrity": "sha1-meSYFWaihhGN+yuBc1ffeZM3bRA=",
      "dev": true
    },
    "vhost": {
      "version": "3.0.2",
      "resolved": "https://registry.npmjs.org/vhost/-/vhost-3.0.2.tgz",
      "integrity": "sha1-L7HezUxGaqiLD5NBrzPcGv8keNU=",
      "dev": true
    },
    "watchr": {
      "version": "2.3.10",
      "resolved": "https://registry.npmjs.org/watchr/-/watchr-2.3.10.tgz",
      "integrity": "sha1-L+CvU3BxyuandtRSM1b486Iwt84=",
      "dev": true
    },
    "websocket-driver": {
      "version": "0.7.0",
      "resolved": "https://registry.npmjs.org/websocket-driver/-/websocket-driver-0.7.0.tgz",
      "integrity": "sha1-DK+dLXVdk67gSdS90NP+LMoqJOs=",
      "dev": true
    },
    "websocket-extensions": {
      "version": "0.1.3",
      "resolved": "https://registry.npmjs.org/websocket-extensions/-/websocket-extensions-0.1.3.tgz",
      "integrity": "sha512-nqHUnMXmBzT0w570r2JpJxfiSD1IzoI+HGVdd3aZ0yNi3ngvQ4jv1dtHt5VGxfI2yj5yqImPhOK4vmIh2xMbGg==",
      "dev": true
    },
    "when": {
      "version": "3.7.8",
      "resolved": "https://registry.npmjs.org/when/-/when-3.7.8.tgz",
      "integrity": "sha1-xxMLan6gRpPoQs3J56Hyqjmjn4I="
    },
    "xhr2": {
      "version": "0.1.4",
      "resolved": "https://registry.npmjs.org/xhr2/-/xhr2-0.1.4.tgz",
      "integrity": "sha1-f4dliEdxbbUCYyOBL4GMras4el8="
    },
    "zone.js": {
      "version": "0.7.8",
      "resolved": "https://registry.npmjs.org/zone.js/-/zone.js-0.7.8.tgz",
      "integrity": "sha1-Tz/og01EWX8mOQU6D6Q43zT//e0="
    }
  }
}
